// !$*UTF8*$!
{
	archiveVersion = 1;
	classes = {
	};
	objectVersion = 50;
	objects = {

/* Begin PBXBuildFile section */
		FC1AC7212076092E0082F677 /* SearchViewController.swift in Sources */ = {isa = PBXBuildFile; fileRef = FC1AC7202076092E0082F677 /* SearchViewController.swift */; };
		FC1AC7232076095E0082F677 /* MoviesTableViewController.swift in Sources */ = {isa = PBXBuildFile; fileRef = FC1AC7222076095E0082F677 /* MoviesTableViewController.swift */; };
		FC1AC72820760D9A0082F677 /* Model.swift in Sources */ = {isa = PBXBuildFile; fileRef = FC1AC72720760D9A0082F677 /* Model.swift */; };
		FC1AC72A2076154C0082F677 /* MoviesTableViewCell.swift in Sources */ = {isa = PBXBuildFile; fileRef = FC1AC7292076154C0082F677 /* MoviesTableViewCell.swift */; };
		FCD5397B2073871C0085FE4E /* AppDelegate.swift in Sources */ = {isa = PBXBuildFile; fileRef = FCD5397A2073871C0085FE4E /* AppDelegate.swift */; };
		FCD539802073871C0085FE4E /* Main.storyboard in Resources */ = {isa = PBXBuildFile; fileRef = FCD5397E2073871C0085FE4E /* Main.storyboard */; };
		FCD539822073871E0085FE4E /* Assets.xcassets in Resources */ = {isa = PBXBuildFile; fileRef = FCD539812073871E0085FE4E /* Assets.xcassets */; };
		FCD539852073871E0085FE4E /* LaunchScreen.storyboard in Resources */ = {isa = PBXBuildFile; fileRef = FCD539832073871E0085FE4E /* LaunchScreen.storyboard */; };
/* End PBXBuildFile section */

/* Begin PBXFileReference section */
		FC1AC7202076092E0082F677 /* SearchViewController.swift */ = {isa = PBXFileReference; lastKnownFileType = sourcecode.swift; path = SearchViewController.swift; sourceTree = "<group>"; };
		FC1AC7222076095E0082F677 /* MoviesTableViewController.swift */ = {isa = PBXFileReference; lastKnownFileType = sourcecode.swift; path = MoviesTableViewController.swift; sourceTree = "<group>"; };
		FC1AC72720760D9A0082F677 /* Model.swift */ = {isa = PBXFileReference; lastKnownFileType = sourcecode.swift; path = Model.swift; sourceTree = "<group>"; };
		FC1AC7292076154C0082F677 /* MoviesTableViewCell.swift */ = {isa = PBXFileReference; lastKnownFileType = sourcecode.swift; path = MoviesTableViewCell.swift; sourceTree = "<group>"; };
		FCD539772073871C0085FE4E /* NaverAPIExample.app */ = {isa = PBXFileReference; explicitFileType = wrapper.application; includeInIndex = 0; path = NaverAPIExample.app; sourceTree = BUILT_PRODUCTS_DIR; };
		FCD5397A2073871C0085FE4E /* AppDelegate.swift */ = {isa = PBXFileReference; lastKnownFileType = sourcecode.swift; path = AppDelegate.swift; sourceTree = "<group>"; };
		FCD5397F2073871C0085FE4E /* Base */ = {isa = PBXFileReference; lastKnownFileType = file.storyboard; name = Base; path = Base.lproj/Main.storyboard; sourceTree = "<group>"; };
		FCD539812073871E0085FE4E /* Assets.xcassets */ = {isa = PBXFileReference; lastKnownFileType = folder.assetcatalog; path = Assets.xcassets; sourceTree = "<group>"; };
		FCD539842073871E0085FE4E /* Base */ = {isa = PBXFileReference; lastKnownFileType = file.storyboard; name = Base; path = Base.lproj/LaunchScreen.storyboard; sourceTree = "<group>"; };
		FCD539862073871E0085FE4E /* Info.plist */ = {isa = PBXFileReference; lastKnownFileType = text.plist.xml; path = Info.plist; sourceTree = "<group>"; };
/* End PBXFileReference section */

/* Begin PBXFrameworksBuildPhase section */
		FCD539742073871C0085FE4E /* Frameworks */ = {
			isa = PBXFrameworksBuildPhase;
			buildActionMask = 2147483647;
			files = (
			);
			runOnlyForDeploymentPostprocessing = 0;
		};
/* End PBXFrameworksBuildPhase section */

/* Begin PBXGroup section */
		FCD5396E2073871C0085FE4E = {
			isa = PBXGroup;
			children = (
				FCD539792073871C0085FE4E /* NaverAPIExample */,
				FCD539782073871C0085FE4E /* Products */,
			);
			sourceTree = "<group>";
		};
		FCD539782073871C0085FE4E /* Products */ = {
			isa = PBXGroup;
			children = (
				FCD539772073871C0085FE4E /* NaverAPIExample.app */,
			);
			name = Products;
			sourceTree = "<group>";
		};
		FCD539792073871C0085FE4E /* NaverAPIExample */ = {
			isa = PBXGroup;
			children = (
				FCD5397A2073871C0085FE4E /* AppDelegate.swift */,
				FCD5397E2073871C0085FE4E /* Main.storyboard */,
				FCD539812073871E0085FE4E /* Assets.xcassets */,
				FCD539832073871E0085FE4E /* LaunchScreen.storyboard */,
				FCD539862073871E0085FE4E /* Info.plist */,
				FC1AC7202076092E0082F677 /* SearchViewController.swift */,
				FC1AC7222076095E0082F677 /* MoviesTableViewController.swift */,
				FC1AC72720760D9A0082F677 /* Model.swift */,
				FC1AC7292076154C0082F677 /* MoviesTableViewCell.swift */,
			);
			path = NaverAPIExample;
			sourceTree = "<group>";
		};
/* End PBXGroup section */

/* Begin PBXNativeTarget section */
		FCD539762073871C0085FE4E /* NaverAPIExample */ = {
			isa = PBXNativeTarget;
			buildConfigurationList = FCD539892073871E0085FE4E /* Build configuration list for PBXNativeTarget "NaverAPIExample" */;
			buildPhases = (
				FCD539732073871C0085FE4E /* Sources */,
				FCD539742073871C0085FE4E /* Frameworks */,
				FCD539752073871C0085FE4E /* Resources */,
			);
			buildRules = (
			);
			dependencies = (
			);
			name = NaverAPIExample;
			productName = NaverAPIExample;
			productReference = FCD539772073871C0085FE4E /* NaverAPIExample.app */;
			productType = "com.apple.product-type.application";
		};
/* End PBXNativeTarget section */

/* Begin PBXProject section */
		FCD5396F2073871C0085FE4E /* Project object */ = {
			isa = PBXProject;
			attributes = {
				LastSwiftUpdateCheck = 0930;
				LastUpgradeCheck = 0930;
				ORGANIZATIONNAME = codershigh;
				TargetAttributes = {
					FCD539762073871C0085FE4E = {
						CreatedOnToolsVersion = 9.3;
					};
				};
			};
			buildConfigurationList = FCD539722073871C0085FE4E /* Build configuration list for PBXProject "NaverAPIExample" */;
			compatibilityVersion = "Xcode 9.3";
			developmentRegion = en;
			hasScannedForEncodings = 0;
			knownRegions = (
				en,
				Base,
			);
			mainGroup = FCD5396E2073871C0085FE4E;
			productRefGroup = FCD539782073871C0085FE4E /* Products */;
			projectDirPath = "";
			projectRoot = "";
			targets = (
				FCD539762073871C0085FE4E /* NaverAPIExample */,
			);
		};
/* End PBXProject section */

/* Begin PBXResourcesBuildPhase section */
		FCD539752073871C0085FE4E /* Resources */ = {
			isa = PBXResourcesBuildPhase;
			buildActionMask = 2147483647;
			files = (
				FCD539852073871E0085FE4E /* LaunchScreen.storyboard in Resources */,
				FCD539822073871E0085FE4E /* Assets.xcassets in Resources */,
				FCD539802073871C0085FE4E /* Main.storyboard in Resources */,
			);
			runOnlyForDeploymentPostprocessing = 0;
		};
/* End PBXResourcesBuildPhase section */

/* Begin PBXSourcesBuildPhase section */
		FCD539732073871C0085FE4E /* Sources */ = {
			isa = PBXSourcesBuildPhase;
			buildActionMask = 2147483647;
			files = (
				FC1AC72A2076154C0082F677 /* MoviesTableViewCell.swift in Sources */,
				FC1AC72820760D9A0082F677 /* Model.swift in Sources */,
				FC1AC7232076095E0082F677 /* MoviesTableViewController.swift in Sources */,
				FC1AC7212076092E0082F677 /* SearchViewController.swift in Sources */,
				FCD5397B2073871C0085FE4E /* AppDelegate.swift in Sources */,
			);
			runOnlyForDeploymentPostprocessing = 0;
		};
/* End PBXSourcesBuildPhase section */

/* Begin PBXVariantGroup section */
		FCD5397E2073871C0085FE4E /* Main.storyboard */ = {
			isa = PBXVariantGroup;
			children = (
				FCD5397F2073871C0085FE4E /* Base */,
			);
			name = Main.storyboard;
			sourceTree = "<group>";
		};
		FCD539832073871E0085FE4E /* LaunchScreen.storyboard */ = {
			isa = PBXVariantGroup;
			children = (
				FCD539842073871E0085FE4E /* Base */,
			);
			name = LaunchScreen.storyboard;
			sourceTree = "<group>";
		};
/* End PBXVariantGroup section */

/* Begin XCBuildConfiguration section */
		FCD539872073871E0085FE4E /* Debug */ = {
			isa = XCBuildConfiguration;
			buildSettings = {
				ALWAYS_SEARCH_USER_PATHS = NO;
				CLANG_ANALYZER_NONNULL = YES;
				CLANG_ANALYZER_NUMBER_OBJECT_CONVERSION = YES_AGGRESSIVE;
				CLANG_CXX_LANGUAGE_STANDARD = "gnu++14";
				CLANG_CXX_LIBRARY = "libc++";
				CLANG_ENABLE_MODULES = YES;
				CLANG_ENABLE_OBJC_ARC = YES;
				CLANG_ENABLE_OBJC_WEAK = YES;
				CLANG_WARN_BLOCK_CAPTURE_AUTORELEASING = YES;
				CLANG_WARN_BOOL_CONVERSION = YES;
				CLANG_WARN_COMMA = YES;
				CLANG_WARN_CONSTANT_CONVERSION = YES;
				CLANG_WARN_DEPRECATED_OBJC_IMPLEMENTATIONS = YES;
				CLANG_WARN_DIRECT_OBJC_ISA_USAGE = YES_ERROR;
				CLANG_WARN_DOCUMENTATION_COMMENTS = YES;
				CLANG_WARN_EMPTY_BODY = YES;
				CLANG_WARN_ENUM_CONVERSION = YES;
				CLANG_WARN_INFINITE_RECURSION = YES;
				CLANG_WARN_INT_CONVERSION = YES;
				CLANG_WARN_NON_LITERAL_NULL_CONVERSION = YES;
				CLANG_WARN_OBJC_IMPLICIT_RETAIN_SELF = YES;
				CLANG_WARN_OBJC_LITERAL_CONVERSION = YES;
				CLANG_WARN_OBJC_ROOT_CLASS = YES_ERROR;
				CLANG_WARN_RANGE_LOOP_ANALYSIS = YES;
				CLANG_WARN_STRICT_PROTOTYPES = YES;
				CLANG_WARN_SUSPICIOUS_MOVE = YES;
				CLANG_WARN_UNGUARDED_AVAILABILITY = YES_AGGRESSIVE;
				CLANG_WARN_UNREACHABLE_CODE = YES;
				CLANG_WARN__DUPLICATE_METHOD_MATCH = YES;
				CODE_SIGN_IDENTITY = "iPhone Developer";
				COPY_PHASE_STRIP = NO;
				DEBUG_INFORMATION_FORMAT = dwarf;
				ENABLE_STRICT_OBJC_MSGSEND = YES;
				ENABLE_TESTABILITY = YES;
				GCC_C_LANGUAGE_STANDARD = gnu11;
				GCC_DYNAMIC_NO_PIC = NO;
				GCC_NO_COMMON_BLOCKS = YES;
				GCC_OPTIMIZATION_LEVEL = 0;
				GCC_PREPROCESSOR_DEFINITIONS = (
					"DEBUG=1",
					"$(inherited)",
				);
				GCC_WARN_64_TO_32_BIT_CONVERSION = YES;
				GCC_WARN_ABOUT_RETURN_TYPE = YES_ERROR;
				GCC_WARN_UNDECLARED_SELECTOR = YES;
				GCC_WARN_UNINITIALIZED_AUTOS = YES_AGGRESSIVE;
				GCC_WARN_UNUSED_FUNCTION = YES;
				GCC_WARN_UNUSED_VARIABLE = YES;
				IPHONEOS_DEPLOYMENT_TARGET = 11.3;
				MTL_ENABLE_DEBUG_INFO = YES;
				ONLY_ACTIVE_ARCH = YES;
				SDKROOT = iphoneos;
				SWIFT_ACTIVE_COMPILATION_CONDITIONS = DEBUG;
				SWIFT_OPTIMIZATION_LEVEL = "-Onone";
			};
			name = Debug;
		};
		FCD539882073871E0085FE4E /* Release */ = {
			isa = XCBuildConfiguration;
			buildSettings = {
				ALWAYS_SEARCH_USER_PATHS = NO;
				CLANG_ANALYZER_NONNULL = YES;
				CLANG_ANALYZER_NUMBER_OBJECT_CONVERSION = YES_AGGRESSIVE;
				CLANG_CXX_LANGUAGE_STANDARD = "gnu++14";
				CLANG_CXX_LIBRARY = "libc++";
				CLANG_ENABLE_MODULES = YES;
				CLANG_ENABLE_OBJC_ARC = YES;
				CLANG_ENABLE_OBJC_WEAK = YES;
				CLANG_WARN_BLOCK_CAPTURE_AUTORELEASING = YES;
				CLANG_WARN_BOOL_CONVERSION = YES;
				CLANG_WARN_COMMA = YES;
				CLANG_WARN_CONSTANT_CONVERSION = YES;
				CLANG_WARN_DEPRECATED_OBJC_IMPLEMENTATIONS = YES;
				CLANG_WARN_DIRECT_OBJC_ISA_USAGE = YES_ERROR;
				CLANG_WARN_DOCUMENTATION_COMMENTS = YES;
				CLANG_WARN_EMPTY_BODY = YES;
				CLANG_WARN_ENUM_CONVERSION = YES;
				CLANG_WARN_INFINITE_RECURSION = YES;
				CLANG_WARN_INT_CONVERSION = YES;
				CLANG_WARN_NON_LITERAL_NULL_CONVERSION = YES;
				CLANG_WARN_OBJC_IMPLICIT_RETAIN_SELF = YES;
				CLANG_WARN_OBJC_LITERAL_CONVERSION = YES;
				CLANG_WARN_OBJC_ROOT_CLASS = YES_ERROR;
				CLANG_WARN_RANGE_LOOP_ANALYSIS = YES;
				CLANG_WARN_STRICT_PROTOTYPES = YES;
				CLANG_WARN_SUSPICIOUS_MOVE = YES;
				CLANG_WARN_UNGUARDED_AVAILABILITY = YES_AGGRESSIVE;
				CLANG_WARN_UNREACHABLE_CODE = YES;
				CLANG_WARN__DUPLICATE_METHOD_MATCH = YES;
				CODE_SIGN_IDENTITY = "iPhone Developer";
				COPY_PHASE_STRIP = NO;
				DEBUG_INFORMATION_FORMAT = "dwarf-with-dsym";
				ENABLE_NS_ASSERTIONS = NO;
				ENABLE_STRICT_OBJC_MSGSEND = YES;
				GCC_C_LANGUAGE_STANDARD = gnu11;
				GCC_NO_COMMON_BLOCKS = YES;
				GCC_WARN_64_TO_32_BIT_CONVERSION = YES;
				GCC_WARN_ABOUT_RETURN_TYPE = YES_ERROR;
				GCC_WARN_UNDECLARED_SELECTOR = YES;
				GCC_WARN_UNINITIALIZED_AUTOS = YES_AGGRESSIVE;
				GCC_WARN_UNUSED_FUNCTION = YES;
				GCC_WARN_UNUSED_VARIABLE = YES;
				IPHONEOS_DEPLOYMENT_TARGET = 11.3;
				MTL_ENABLE_DEBUG_INFO = NO;
				SDKROOT = iphoneos;
				SWIFT_COMPILATION_MODE = wholemodule;
				SWIFT_OPTIMIZATION_LEVEL = "-O";
				VALIDATE_PRODUCT = YES;
			};
			name = Release;
		};
		FCD5398A2073871E0085FE4E /* Debug */ = {
			isa = XCBuildConfiguration;
			buildSettings = {
				ASSETCATALOG_COMPILER_APPICON_NAME = AppIcon;
				CODE_SIGN_STYLE = Automatic;
				INFOPLIST_FILE = NaverAPIExample/Info.plist;
				LD_RUNPATH_SEARCH_PATHS = (
					"$(inherited)",
					"@executable_path/Frameworks",
				);
				PRODUCT_BUNDLE_IDENTIFIER = com.codershigh.NaverAPIExample;
				PRODUCT_NAME = "$(TARGET_NAME)";
				SWIFT_VERSION = 4.0;
				TARGETED_DEVICE_FAMILY = "1,2";
			};
			name = Debug;
		};
		FCD5398B2073871E0085FE4E /* Release */ = {
			isa = XCBuildConfiguration;
			buildSettings = {
				ASSETCATALOG_COMPILER_APPICON_NAME = AppIcon;
				CODE_SIGN_STYLE = Automatic;
				INFOPLIST_FILE = NaverAPIExample/Info.plist;
				LD_RUNPATH_SEARCH_PATHS = (
					"$(inherited)",
					"@executable_path/Frameworks",
				);
				PRODUCT_BUNDLE_IDENTIFIER = com.codershigh.NaverAPIExample;
				PRODUCT_NAME = "$(TARGET_NAME)";
				SWIFT_VERSION = 4.0;
				TARGETED_DEVICE_FAMILY = "1,2";
			};
			name = Release;
		};
/* End XCBuildConfiguration section */

/* Begin XCConfigurationList section */
		FCD539722073871C0085FE4E /* Build configuration list for PBXProject "NaverAPIExample" */ = {
			isa = XCConfigurationList;
			buildConfigurations = (
				FCD539872073871E0085FE4E /* Debug */,
				FCD539882073871E0085FE4E /* Release */,
			);
			defaultConfigurationIsVisible = 0;
			defaultConfigurationName = Release;
		};
		FCD539892073871E0085FE4E /* Build configuration list for PBXNativeTarget "NaverAPIExample" */ = {
			isa = XCConfigurationList;
			buildConfigurations = (
				FCD5398A2073871E0085FE4E /* Debug */,
				FCD5398B2073871E0085FE4E /* Release */,
			);
			defaultConfigurationIsVisible = 0;
			defaultConfigurationName = Release;
		};
/* End XCConfigurationList section */
	};
	rootObject = FCD5396F2073871C0085FE4E /* Project object */;
}
